{
  "version": 4,
  "terraform_version": "1.3.0",
  "serial": 9,
  "lineage": "5c6b008f-e459-258a-cd76-c8cef1548132",
  "outputs": {
    "server_name": {
      "value": [
        "db",
        "web"
      ],
      "type": [
        "tuple",
        [
          "string",
          "string"
        ]
      ]
    }
  },
  "resources": [
    {
      "mode": "managed",
      "type": "openstack_compute_instance_v2",
      "name": "eachfor_test",
      "provider": "provider[\"registry.terraform.io/terraform-provider-openstack/openstack\"]",
      "instances": [
        {
          "index_key": "db",
          "schema_version": 0,
          "attributes": {
            "access_ip_v4": "192.168.101.230",
            "access_ip_v6": "",
            "admin_pass": null,
            "all_metadata": {},
            "all_tags": [],
            "availability_zone": "nova",
            "availability_zone_hints": null,
            "block_device": [],
            "config_drive": null,
            "flavor_id": "6",
            "flavor_name": "m1.sm",
            "floating_ip": null,
            "force_delete": false,
            "id": "a70433b4-3c92-4f75-8de8-8d990d388922",
            "image_id": "98394b69-2e4f-4765-ada9-139f30d7a90b",
            "image_name": "CentOS7",
            "key_pair": "terraformkey",
            "metadata": null,
            "name": "db",
            "network": [
              {
                "access_network": false,
                "fixed_ip_v4": "192.168.101.230",
                "fixed_ip_v6": "",
                "floating_ip": "",
                "mac": "fa:16:3e:d9:f9:7d",
                "name": "private1",
                "port": "",
                "uuid": "ab0bc22b-f90b-49a2-8182-9a458101620f"
              }
            ],
            "network_mode": null,
            "personality": [],
            "power_state": "active",
            "region": "RegionOne",
            "scheduler_hints": [],
            "security_groups": [
              "icmp",
              "webssh"
            ],
            "stop_before_destroy": false,
            "tags": [],
            "timeouts": null,
            "user_data": null,
            "vendor_options": [],
            "volume": []
          },
          "sensitive_attributes": [],
          "private": "eyJlMmJmYjczMC1lY2FhLTExZTYtOGY4OC0zNDM2M2JjN2M0YzAiOnsiY3JlYXRlIjoxODAwMDAwMDAwMDAwLCJkZWxldGUiOjE4MDAwMDAwMDAwMDAsInVwZGF0ZSI6MTgwMDAwMDAwMDAwMH19"
        },
        {
          "index_key": "web",
          "schema_version": 0,
          "attributes": {
            "access_ip_v4": "192.168.101.233",
            "access_ip_v6": "",
            "admin_pass": null,
            "all_metadata": {},
            "all_tags": [],
            "availability_zone": "nova",
            "availability_zone_hints": null,
            "block_device": [],
            "config_drive": null,
            "flavor_id": "6",
            "flavor_name": "m1.sm",
            "floating_ip": null,
            "force_delete": false,
            "id": "0152cd1f-1e47-44ad-af75-a8f3efc93e18",
            "image_id": "98394b69-2e4f-4765-ada9-139f30d7a90b",
            "image_name": "CentOS7",
            "key_pair": "terraformkey",
            "metadata": null,
            "name": "web",
            "network": [
              {
                "access_network": false,
                "fixed_ip_v4": "192.168.101.233",
                "fixed_ip_v6": "",
                "floating_ip": "",
                "mac": "fa:16:3e:df:b6:8d",
                "name": "private1",
                "port": "",
                "uuid": "ab0bc22b-f90b-49a2-8182-9a458101620f"
              }
            ],
            "network_mode": null,
            "personality": [],
            "power_state": "active",
            "region": "RegionOne",
            "scheduler_hints": [],
            "security_groups": [
              "icmp",
              "webssh"
            ],
            "stop_before_destroy": false,
            "tags": null,
            "timeouts": null,
            "user_data": null,
            "vendor_options": [],
            "volume": []
          },
          "sensitive_attributes": [],
          "private": "eyJlMmJmYjczMC1lY2FhLTExZTYtOGY4OC0zNDM2M2JjN2M0YzAiOnsiY3JlYXRlIjoxODAwMDAwMDAwMDAwLCJkZWxldGUiOjE4MDAwMDAwMDAwMDAsInVwZGF0ZSI6MTgwMDAwMDAwMDAwMH19"
        }
      ]
    }
  ],
  "check_results": []
}
