{
  "version": 4,
  "terraform_version": "1.3.0",
  "serial": 70,
  "lineage": "31990f90-32e8-37d0-cf3e-5c0a8626d2a2",
  "outputs": {},
  "resources": [
    {
      "mode": "managed",
      "type": "openstack_compute_secgroup_v2",
      "name": "thttpssh",
      "provider": "provider[\"registry.terraform.io/terraform-provider-openstack/openstack\"]",
      "instances": [
        {
          "schema_version": 0,
          "attributes": {
            "description": "permit http, ssh traffic",
            "id": "71b7127d-3e37-4c6f-a3d5-519e1fe2ed7c",
            "name": "ohttpssh",
            "region": "RegionOne",
            "rule": [
              {
                "cidr": "0.0.0.0/0",
                "from_group_id": "",
                "from_port": 22,
                "id": "688a2779-29cf-4f14-b077-22f03e776355",
                "ip_protocol": "tcp",
                "self": false,
                "to_port": 22
              },
              {
                "cidr": "0.0.0.0/0",
                "from_group_id": "",
                "from_port": 80,
                "id": "565184b5-3d1f-4446-862f-6217055c2c9a",
                "ip_protocol": "tcp",
                "self": false,
                "to_port": 80
              }
            ],
            "timeouts": null
          },
          "sensitive_attributes": [],
          "private": "eyJlMmJmYjczMC1lY2FhLTExZTYtOGY4OC0zNDM2M2JjN2M0YzAiOnsiZGVsZXRlIjo2MDAwMDAwMDAwMDB9fQ=="
        }
      ]
    }
  ],
  "check_results": []
}
